
Microsoft Visual Studio Solution File, Format Version 12.00
# Visual Studio Version 16
VisualStudioVersion = 16.0.29905.134
MinimumVisualStudioVersion = 10.0.40219.1
Project("{FAE04EC0-301F-11D3-BF4B-00C04F79EFBC}") = "ShopBridgeAPI", "ShopBridgeAPI\ShopBridgeAPI.csproj", "{2B609574-BF3D-4EB3-9F59-8121F0B215B3}"
EndProject
Project("{FAE04EC0-301F-11D3-BF4B-00C04F79EFBC}") = "ShopBridgeAPI.Tests", "ShopBridgeAPI.Tests\ShopBridgeAPI.Tests.csproj", "{FB46E733-1A88-4D12-AE47-8689E7911DD6}"
EndProject
Global
	GlobalSection(SolutionConfigurationPlatforms) = preSolution
		Debug|Any CPU = Debug|Any CPU
		Release|Any CPU = Release|Any CPU
	EndGlobalSection
	GlobalSection(ProjectConfigurationPlatforms) = postSolution
		{2B609574-BF3D-4EB3-9F59-8121F0B215B3}.Debug|Any CPU.ActiveCfg = Debug|Any CPU
		{2B609574-BF3D-4EB3-9F59-8121F0B215B3}.Debug|Any CPU.Build.0 = Debug|Any CPU
		{2B609574-BF3D-4EB3-9F59-8121F0B215B3}.Release|Any CPU.ActiveCfg = Release|Any CPU
		{2B609574-BF3D-4EB3-9F59-8121F0B215B3}.Release|Any CPU.Build.0 = Release|Any CPU
		{FB46E733-1A88-4D12-AE47-8689E7911DD6}.Debug|Any CPU.ActiveCfg = Debug|Any CPU
		{FB46E733-1A88-4D12-AE47-8689E7911DD6}.Debug|Any CPU.Build.0 = Debug|Any CPU
		{FB46E733-1A88-4D12-AE47-8689E7911DD6}.Release|Any CPU.ActiveCfg = Release|Any CPU
		{FB46E733-1A88-4D12-AE47-8689E7911DD6}.Release|Any CPU.Build.0 = Release|Any CPU
	EndGlobalSection
	GlobalSection(SolutionProperties) = preSolution
		HideSolutionNode = FALSE
	EndGlobalSection
	GlobalSection(ExtensibilityGlobals) = postSolution
		SolutionGuid = {63CAD26D-5AC0-4950-852D-9DC376234B87}
	EndGlobalSection
EndGlobal
